
Microsoft Visual Studio Solution File, Format Version 12.00
# Visual Studio Version 16
VisualStudioVersion = 16.0.29503.13
MinimumVisualStudioVersion = 10.0.40219.1
Project("{F184B08F-C81C-45F6-A57F-5ABD9991F28F}") = "Sprint1_RCET0265_DRDVSF19", "Sprint1_RCET0265_DRDVSF19.vbproj", "{23DFFB77-7670-475B-975E-5241362439DD}"
EndProject
Global
	GlobalSection(SolutionConfigurationPlatforms) = preSolution
		Debug|Any CPU = Debug|Any CPU
		Release|Any CPU = Release|Any CPU
	EndGlobalSection
	GlobalSection(ProjectConfigurationPlatforms) = postSolution
		{23DFFB77-7670-475B-975E-5241362439DD}.Debug|Any CPU.ActiveCfg = Debug|Any CPU
		{23DFFB77-7670-475B-975E-5241362439DD}.Debug|Any CPU.Build.0 = Debug|Any CPU
		{23DFFB77-7670-475B-975E-5241362439DD}.Release|Any CPU.ActiveCfg = Release|Any CPU
		{23DFFB77-7670-475B-975E-5241362439DD}.Release|Any CPU.Build.0 = Release|Any CPU
	EndGlobalSection
	GlobalSection(SolutionProperties) = preSolution
		HideSolutionNode = FALSE
	EndGlobalSection
	GlobalSection(ExtensibilityGlobals) = postSolution
		SolutionGuid = {9B88D16F-C1A2-4E98-BCF9-68067DA45AA3}
	EndGlobalSection
EndGlobal
