
Microsoft Visual Studio Solution File, Format Version 12.00
# Visual Studio Version 16
VisualStudioVersion = 16.0.29306.81
MinimumVisualStudioVersion = 10.0.40219.1
Project("{F184B08F-C81C-45F6-A57F-5ABD9991F28F}") = "Asg2-6_DisplayStateFlags", "Asg2-6_DisplayStateFlags.vbproj", "{3E4AE8D9-FB7A-468F-93D4-A021A98F6A42}"
EndProject
Global
	GlobalSection(SolutionConfigurationPlatforms) = preSolution
		Debug|Any CPU = Debug|Any CPU
		Release|Any CPU = Release|Any CPU
	EndGlobalSection
	GlobalSection(ProjectConfigurationPlatforms) = postSolution
		{3E4AE8D9-FB7A-468F-93D4-A021A98F6A42}.Debug|Any CPU.ActiveCfg = Debug|Any CPU
		{3E4AE8D9-FB7A-468F-93D4-A021A98F6A42}.Debug|Any CPU.Build.0 = Debug|Any CPU
		{3E4AE8D9-FB7A-468F-93D4-A021A98F6A42}.Release|Any CPU.ActiveCfg = Release|Any CPU
		{3E4AE8D9-FB7A-468F-93D4-A021A98F6A42}.Release|Any CPU.Build.0 = Release|Any CPU
	EndGlobalSection
	GlobalSection(SolutionProperties) = preSolution
		HideSolutionNode = FALSE
	EndGlobalSection
	GlobalSection(ExtensibilityGlobals) = postSolution
		SolutionGuid = {EAD46355-7E37-4E51-8B03-FB77117700E6}
	EndGlobalSection
EndGlobal
