
Microsoft Visual Studio Solution File, Format Version 12.00
# Visual Studio Version 16
VisualStudioVersion = 16.0.29306.81
MinimumVisualStudioVersion = 10.0.40219.1
Project("{F184B08F-C81C-45F6-A57F-5ABD9991F28F}") = "9-18_example", "9-18_example.vbproj", "{194CA1C2-C1E5-4FF5-A2F0-A74138FDEC66}"
EndProject
Global
	GlobalSection(SolutionConfigurationPlatforms) = preSolution
		Debug|Any CPU = Debug|Any CPU
		Release|Any CPU = Release|Any CPU
	EndGlobalSection
	GlobalSection(ProjectConfigurationPlatforms) = postSolution
		{194CA1C2-C1E5-4FF5-A2F0-A74138FDEC66}.Debug|Any CPU.ActiveCfg = Debug|Any CPU
		{194CA1C2-C1E5-4FF5-A2F0-A74138FDEC66}.Debug|Any CPU.Build.0 = Debug|Any CPU
		{194CA1C2-C1E5-4FF5-A2F0-A74138FDEC66}.Release|Any CPU.ActiveCfg = Release|Any CPU
		{194CA1C2-C1E5-4FF5-A2F0-A74138FDEC66}.Release|Any CPU.Build.0 = Release|Any CPU
	EndGlobalSection
	GlobalSection(SolutionProperties) = preSolution
		HideSolutionNode = FALSE
	EndGlobalSection
	GlobalSection(ExtensibilityGlobals) = postSolution
		SolutionGuid = {D242BD94-E79D-456B-85A1-10CC3501FF0F}
	EndGlobalSection
EndGlobal
